
Microsoft Visual Studio Solution File, Format Version 12.00
# Visual Studio Version 17
VisualStudioVersion = 17.11.35222.181
MinimumVisualStudioVersion = 10.0.40219.1
Project("{FAE04EC0-301F-11D3-BF4B-00C04F79EFBC}") = "Belajar-CRUD", "Belajar-CRUD.csproj", "{9F832F0D-E925-47E8-A8EA-6AC2AED633FF}"
EndProject
Global
	GlobalSection(SolutionConfigurationPlatforms) = preSolution
		Debug|Any CPU = Debug|Any CPU
		Release|Any CPU = Release|Any CPU
	EndGlobalSection
	GlobalSection(ProjectConfigurationPlatforms) = postSolution
		{9F832F0D-E925-47E8-A8EA-6AC2AED633FF}.Debug|Any CPU.ActiveCfg = Debug|Any CPU
		{9F832F0D-E925-47E8-A8EA-6AC2AED633FF}.Debug|Any CPU.Build.0 = Debug|Any CPU
		{9F832F0D-E925-47E8-A8EA-6AC2AED633FF}.Release|Any CPU.ActiveCfg = Release|Any CPU
		{9F832F0D-E925-47E8-A8EA-6AC2AED633FF}.Release|Any CPU.Build.0 = Release|Any CPU
	EndGlobalSection
	GlobalSection(SolutionProperties) = preSolution
		HideSolutionNode = FALSE
	EndGlobalSection
	GlobalSection(ExtensibilityGlobals) = postSolution
		SolutionGuid = {2F41D620-BFE3-4B6B-8D57-BE9AE0D286C5}
	EndGlobalSection
EndGlobal
